PODS:
  - Flutter (1.0.0)
  - MarketingCloud-SFMCSdk (1.1.1)
  - MarketingCloudSDK (8.1.1):
    - MarketingCloud-SFMCSdk (~> 1.1.1)
  - sfmc_plugin (3.3.1):
    - Flutter
    - MarketingCloudSDK (= 8.1.1)

DEPENDENCIES:
  - Flutter (from `Flutter`)
  - sfmc_plugin (from `.symlinks/plugins/sfmc_plugin/ios`)

SPEC REPOS:
  trunk:
    - MarketingCloud-SFMCSdk
    - MarketingCloudSDK

EXTERNAL SOURCES:
  Flutter:
    :path: Flutter
  sfmc_plugin:
    :path: ".symlinks/plugins/sfmc_plugin/ios"

SPEC CHECKSUMS:
  Flutter: e0871f40cf51350855a761d2e70bf5af5b9b5de7
  MarketingCloud-SFMCSdk: d4b76b4f90df3bc098ff2acbe7fd965431d153d7
  MarketingCloudSDK: bf543064c8f1939984d431d3579189d8d85756e5
  sfmc_plugin: 8be0c4c8e8b8bac6f4836c1947d58d4c560beff6

PODFILE CHECKSUM: 75a426c2eb90df2fea14ce203c0e84c2c5567629

COCOAPODS: 1.12.1
